
Microsoft Visual Studio Solution File, Format Version 12.00
# Visual Studio Version 17
VisualStudioVersion = 17.9.34723.18
MinimumVisualStudioVersion = 10.0.40219.1
Project("{FAE04EC0-301F-11D3-BF4B-00C04F79EFBC}") = "Contructor in Drived Class", "Contructor in Drived Class\Contructor in Drived Class.csproj", "{B71C3148-BC1F-49C3-8C8E-978F2B469580}"
EndProject
Global
	GlobalSection(SolutionConfigurationPlatforms) = preSolution
		Debug|Any CPU = Debug|Any CPU
		Release|Any CPU = Release|Any CPU
	EndGlobalSection
	GlobalSection(ProjectConfigurationPlatforms) = postSolution
		{B71C3148-BC1F-49C3-8C8E-978F2B469580}.Debug|Any CPU.ActiveCfg = Debug|Any CPU
		{B71C3148-BC1F-49C3-8C8E-978F2B469580}.Debug|Any CPU.Build.0 = Debug|Any CPU
		{B71C3148-BC1F-49C3-8C8E-978F2B469580}.Release|Any CPU.ActiveCfg = Release|Any CPU
		{B71C3148-BC1F-49C3-8C8E-978F2B469580}.Release|Any CPU.Build.0 = Release|Any CPU
	EndGlobalSection
	GlobalSection(SolutionProperties) = preSolution
		HideSolutionNode = FALSE
	EndGlobalSection
	GlobalSection(ExtensibilityGlobals) = postSolution
		SolutionGuid = {D04E1A9B-E3EB-4C36-ADDA-9A8804519529}
	EndGlobalSection
EndGlobal
