
Microsoft Visual Studio Solution File, Format Version 12.00
# Visual Studio Version 17
VisualStudioVersion = 17.9.34723.18
MinimumVisualStudioVersion = 10.0.40219.1
Project("{FAE04EC0-301F-11D3-BF4B-00C04F79EFBC}") = "Functions", "Functions\Functions.csproj", "{285A28C4-EDFE-4884-AFBF-5E4544DA56E8}"
EndProject
Global
	GlobalSection(SolutionConfigurationPlatforms) = preSolution
		Debug|Any CPU = Debug|Any CPU
		Release|Any CPU = Release|Any CPU
	EndGlobalSection
	GlobalSection(ProjectConfigurationPlatforms) = postSolution
		{285A28C4-EDFE-4884-AFBF-5E4544DA56E8}.Debug|Any CPU.ActiveCfg = Debug|Any CPU
		{285A28C4-EDFE-4884-AFBF-5E4544DA56E8}.Debug|Any CPU.Build.0 = Debug|Any CPU
		{285A28C4-EDFE-4884-AFBF-5E4544DA56E8}.Release|Any CPU.ActiveCfg = Release|Any CPU
		{285A28C4-EDFE-4884-AFBF-5E4544DA56E8}.Release|Any CPU.Build.0 = Release|Any CPU
	EndGlobalSection
	GlobalSection(SolutionProperties) = preSolution
		HideSolutionNode = FALSE
	EndGlobalSection
	GlobalSection(ExtensibilityGlobals) = postSolution
		SolutionGuid = {14BF5E9A-4687-4824-B4E2-00BA094571CF}
	EndGlobalSection
EndGlobal
