
Microsoft Visual Studio Solution File, Format Version 12.00
# Visual Studio Version 17
VisualStudioVersion = 17.9.34723.18
MinimumVisualStudioVersion = 10.0.40219.1
Project("{FAE04EC0-301F-11D3-BF4B-00C04F79EFBC}") = "Interface", "Interface\Interface.csproj", "{F9DAC2A7-45EA-4289-B6CA-F4EBD147D18B}"
EndProject
Project("{FAE04EC0-301F-11D3-BF4B-00C04F79EFBC}") = "Abstract class", "Abstract class\Abstract class.csproj", "{39D6EA2C-1891-49E4-8395-6411AC523171}"
EndProject
Global
	GlobalSection(SolutionConfigurationPlatforms) = preSolution
		Debug|Any CPU = Debug|Any CPU
		Release|Any CPU = Release|Any CPU
	EndGlobalSection
	GlobalSection(ProjectConfigurationPlatforms) = postSolution
		{F9DAC2A7-45EA-4289-B6CA-F4EBD147D18B}.Debug|Any CPU.ActiveCfg = Debug|Any CPU
		{F9DAC2A7-45EA-4289-B6CA-F4EBD147D18B}.Debug|Any CPU.Build.0 = Debug|Any CPU
		{F9DAC2A7-45EA-4289-B6CA-F4EBD147D18B}.Release|Any CPU.ActiveCfg = Release|Any CPU
		{F9DAC2A7-45EA-4289-B6CA-F4EBD147D18B}.Release|Any CPU.Build.0 = Release|Any CPU
		{39D6EA2C-1891-49E4-8395-6411AC523171}.Debug|Any CPU.ActiveCfg = Debug|Any CPU
		{39D6EA2C-1891-49E4-8395-6411AC523171}.Debug|Any CPU.Build.0 = Debug|Any CPU
		{39D6EA2C-1891-49E4-8395-6411AC523171}.Release|Any CPU.ActiveCfg = Release|Any CPU
		{39D6EA2C-1891-49E4-8395-6411AC523171}.Release|Any CPU.Build.0 = Release|Any CPU
	EndGlobalSection
	GlobalSection(SolutionProperties) = preSolution
		HideSolutionNode = FALSE
	EndGlobalSection
	GlobalSection(ExtensibilityGlobals) = postSolution
		SolutionGuid = {F8014208-F9D9-4927-B627-60EFF16F06F4}
	EndGlobalSection
EndGlobal
