
Microsoft Visual Studio Solution File, Format Version 12.00
# Visual Studio Version 17
VisualStudioVersion = 17.9.34723.18
MinimumVisualStudioVersion = 10.0.40219.1
Project("{FAE04EC0-301F-11D3-BF4B-00C04F79EFBC}") = "Encapsulation", "Encapsulation\Encapsulation.csproj", "{B95FC0AE-EA79-4FF1-AECB-A2B9CDEFEF08}"
EndProject
Project("{FAE04EC0-301F-11D3-BF4B-00C04F79EFBC}") = "even_odd", "even_odd\even_odd.csproj", "{56964234-1495-4ABF-BACC-170BD17084A9}"
EndProject
Project("{FAE04EC0-301F-11D3-BF4B-00C04F79EFBC}") = "string_example", "string_example\string_example.csproj", "{5A219347-F356-4056-AFDB-8228B31D4E52}"
EndProject
Global
	GlobalSection(SolutionConfigurationPlatforms) = preSolution
		Debug|Any CPU = Debug|Any CPU
		Release|Any CPU = Release|Any CPU
	EndGlobalSection
	GlobalSection(ProjectConfigurationPlatforms) = postSolution
		{B95FC0AE-EA79-4FF1-AECB-A2B9CDEFEF08}.Debug|Any CPU.ActiveCfg = Debug|Any CPU
		{B95FC0AE-EA79-4FF1-AECB-A2B9CDEFEF08}.Debug|Any CPU.Build.0 = Debug|Any CPU
		{B95FC0AE-EA79-4FF1-AECB-A2B9CDEFEF08}.Release|Any CPU.ActiveCfg = Release|Any CPU
		{B95FC0AE-EA79-4FF1-AECB-A2B9CDEFEF08}.Release|Any CPU.Build.0 = Release|Any CPU
		{56964234-1495-4ABF-BACC-170BD17084A9}.Debug|Any CPU.ActiveCfg = Debug|Any CPU
		{56964234-1495-4ABF-BACC-170BD17084A9}.Debug|Any CPU.Build.0 = Debug|Any CPU
		{56964234-1495-4ABF-BACC-170BD17084A9}.Release|Any CPU.ActiveCfg = Release|Any CPU
		{56964234-1495-4ABF-BACC-170BD17084A9}.Release|Any CPU.Build.0 = Release|Any CPU
		{5A219347-F356-4056-AFDB-8228B31D4E52}.Debug|Any CPU.ActiveCfg = Debug|Any CPU
		{5A219347-F356-4056-AFDB-8228B31D4E52}.Debug|Any CPU.Build.0 = Debug|Any CPU
		{5A219347-F356-4056-AFDB-8228B31D4E52}.Release|Any CPU.ActiveCfg = Release|Any CPU
		{5A219347-F356-4056-AFDB-8228B31D4E52}.Release|Any CPU.Build.0 = Release|Any CPU
	EndGlobalSection
	GlobalSection(SolutionProperties) = preSolution
		HideSolutionNode = FALSE
	EndGlobalSection
	GlobalSection(ExtensibilityGlobals) = postSolution
		SolutionGuid = {66EB76E7-8913-4E6A-8BDE-823D3703FA1D}
	EndGlobalSection
EndGlobal
